github.com/dchooyc/book v0.0.0-20240131033235-0c8edded646b h1:YPJ9sgUyo4dAqF/QvyXClXW2neCj6Jj0T/b+4IWZzL0=
github.com/dchooyc/book v0.0.0-20240131033235-0c8edded646b/go.mod h1:eetN/ZoijHUCAp+BXr4z8jBPIVTMdK5kWN/lpG6VcSo=
golang.org/x/net v0.20.0 h1:aCL9BSgETF1k+blQaYUBx9hJ9LOGP3gAVemcZlf1Kpo=
golang.org/x/net v0.20.0/go.mod h1:z8BVo6PvndSri0LbOE3hAn0apkU+1YvI6E70E9jsnvY=
